
Microsoft Visual Studio Solution File, Format Version 12.00
# Visual Studio 15
VisualStudioVersion = 15.0.28307.757
MinimumVisualStudioVersion = 10.0.40219.1
Project("{FAE04EC0-301F-11D3-BF4B-00C04F79EFBC}") = "MongoDB.Driver.Wrapper.Test", "MongoDB.Driver.Wrapper.Test\MongoDB.Driver.Wrapper.Test.csproj", "{7298AE6D-1601-4412-8336-4B6BD3DA7276}"
EndProject
Project("{FAE04EC0-301F-11D3-BF4B-00C04F79EFBC}") = "MongoDB.Driver.Wrapper", "MongoDB.Driver.Wrapper\MongoDB.Driver.Wrapper.csproj", "{4A711BAB-DB49-4F03-B18A-BCA116764638}"
EndProject
Global
	GlobalSection(SolutionConfigurationPlatforms) = preSolution
		Debug|Any CPU = Debug|Any CPU
		Release|Any CPU = Release|Any CPU
	EndGlobalSection
	GlobalSection(ProjectConfigurationPlatforms) = postSolution
		{7298AE6D-1601-4412-8336-4B6BD3DA7276}.Debug|Any CPU.ActiveCfg = Debug|Any CPU
		{7298AE6D-1601-4412-8336-4B6BD3DA7276}.Debug|Any CPU.Build.0 = Debug|Any CPU
		{7298AE6D-1601-4412-8336-4B6BD3DA7276}.Release|Any CPU.ActiveCfg = Release|Any CPU
		{7298AE6D-1601-4412-8336-4B6BD3DA7276}.Release|Any CPU.Build.0 = Release|Any CPU
		{4A711BAB-DB49-4F03-B18A-BCA116764638}.Debug|Any CPU.ActiveCfg = Debug|Any CPU
		{4A711BAB-DB49-4F03-B18A-BCA116764638}.Debug|Any CPU.Build.0 = Debug|Any CPU
		{4A711BAB-DB49-4F03-B18A-BCA116764638}.Release|Any CPU.ActiveCfg = Release|Any CPU
		{4A711BAB-DB49-4F03-B18A-BCA116764638}.Release|Any CPU.Build.0 = Release|Any CPU
	EndGlobalSection
	GlobalSection(SolutionProperties) = preSolution
		HideSolutionNode = FALSE
	EndGlobalSection
	GlobalSection(ExtensibilityGlobals) = postSolution
		SolutionGuid = {5A38501C-A9E7-4B22-A1A5-069C30725469}
	EndGlobalSection
EndGlobal
